{
  "name": "dsharp.script",
  "version": "1.0.0",
  "lockfileVersion": 1,
  "requires": true,
  "dependencies": {
    "buildify": {
      "version": "0.4.0",
      "resolved": "https://registry.npmjs.org/buildify/-/buildify-0.4.0.tgz",
      "integrity": "sha1-IMi94gSIsyWIzpKkGJZyoITToMQ=",
      "requires": {
        "clean-css": "0.6.0",
        "mkdirp": "0.3.2",
        "uglify-js": "1.3.4",
        "underscore": "1.3.3"
      },
      "dependencies": {
        "mkdirp": {
          "version": "0.3.2",
          "resolved": "https://registry.npmjs.org/mkdirp/-/mkdirp-0.3.2.tgz",
          "integrity": "sha1-S/uJHpxIuT1rVn8sPPLdP1a83vg="
        },
        "uglify-js": {
          "version": "1.3.4",
          "resolved": "https://registry.npmjs.org/uglify-js/-/uglify-js-1.3.4.tgz",
          "integrity": "sha1-KCzsQNtWh5jg7G1x0MmJ0yPwY2s="
        }
      }
    },
    "clean-css": {
      "version": "0.6.0",
      "resolved": "https://registry.npmjs.org/clean-css/-/clean-css-0.6.0.tgz",
      "integrity": "sha1-DKQi/ArTQoVsa4RCGU1UbiZEac4=",
      "requires": {
        "optimist": "0.3.x"
      }
    },
    "optimist": {
      "version": "0.3.7",
      "resolved": "https://registry.npmjs.org/optimist/-/optimist-0.3.7.tgz",
      "integrity": "sha1-yQlBrVnkJzMokjB00s8ufLxuwNk=",
      "requires": {
        "wordwrap": "~0.0.2"
      }
    },
    "underscore": {
      "version": "1.3.3",
      "resolved": "https://registry.npmjs.org/underscore/-/underscore-1.3.3.tgz",
      "integrity": "sha1-R6xTaD2vgyv6lS4XdEF9pHgXrkI="
    },
    "wordwrap": {
      "version": "0.0.3",
      "resolved": "https://registry.npmjs.org/wordwrap/-/wordwrap-0.0.3.tgz",
      "integrity": "sha1-o9XabNXAvAAI03I0u68b7WMFkQc="
    }
  }
}
