
Microsoft Visual Studio Solution File, Format Version 11.00
# Visual Studio 2010
Project("{FAE04EC0-301F-11D3-BF4B-00C04F79EFBC}") = "ScriptSharp", "ScriptSharp\ScriptSharp.csproj", "{0E3485F3-D66D-4907-BDB9-D61D34F97538}"
EndProject
Project("{E24C65DC-7377-472B-9ABA-BC803B73C61A}") = "CoreLib", "CoreLib\", "{956971CD-A3AA-4C69-BF6E-A42A580B08CB}"
	ProjectSection(WebsiteProperties) = preProject
		TargetFrameworkMoniker = ".NETFramework,Version%3Dv4.0"
		Debug.AspNetCompiler.VirtualPath = "/CoreLib"
		Debug.AspNetCompiler.PhysicalPath = "CoreLib\"
		Debug.AspNetCompiler.TargetPath = "PrecompiledWeb\CoreLib\"
		Debug.AspNetCompiler.Updateable = "true"
		Debug.AspNetCompiler.ForceOverwrite = "true"
		Debug.AspNetCompiler.FixedNames = "false"
		Debug.AspNetCompiler.Debug = "True"
		Release.AspNetCompiler.VirtualPath = "/CoreLib"
		Release.AspNetCompiler.PhysicalPath = "CoreLib\"
		Release.AspNetCompiler.TargetPath = "PrecompiledWeb\CoreLib\"
		Release.AspNetCompiler.Updateable = "true"
		Release.AspNetCompiler.ForceOverwrite = "true"
		Release.AspNetCompiler.FixedNames = "false"
		Release.AspNetCompiler.Debug = "False"
		VWDPort = "23597"
	EndProjectSection
EndProject
Project("{2150E333-8FDC-42A3-9474-1A3956D46DE8}") = "Solution Items", "Solution Items", "{37D238E7-539B-497A-98D7-760DAFCF6527}"
	ProjectSection(SolutionItems) = preProject
		ScriptSharp.testsettings = ScriptSharp.testsettings
	EndProjectSection
EndProject
Global
	GlobalSection(SolutionConfigurationPlatforms) = preSolution
		Debug|Any CPU = Debug|Any CPU
		Release|Any CPU = Release|Any CPU
	EndGlobalSection
	GlobalSection(ProjectConfigurationPlatforms) = postSolution
		{0E3485F3-D66D-4907-BDB9-D61D34F97538}.Debug|Any CPU.ActiveCfg = Debug|Any CPU
		{0E3485F3-D66D-4907-BDB9-D61D34F97538}.Debug|Any CPU.Build.0 = Debug|Any CPU
		{0E3485F3-D66D-4907-BDB9-D61D34F97538}.Release|Any CPU.ActiveCfg = Release|Any CPU
		{0E3485F3-D66D-4907-BDB9-D61D34F97538}.Release|Any CPU.Build.0 = Release|Any CPU
		{956971CD-A3AA-4C69-BF6E-A42A580B08CB}.Debug|Any CPU.ActiveCfg = Debug|Any CPU
		{956971CD-A3AA-4C69-BF6E-A42A580B08CB}.Debug|Any CPU.Build.0 = Debug|Any CPU
		{956971CD-A3AA-4C69-BF6E-A42A580B08CB}.Release|Any CPU.ActiveCfg = Debug|Any CPU
		{956971CD-A3AA-4C69-BF6E-A42A580B08CB}.Release|Any CPU.Build.0 = Debug|Any CPU
	EndGlobalSection
	GlobalSection(SolutionProperties) = preSolution
		HideSolutionNode = FALSE
	EndGlobalSection
EndGlobal
