
Microsoft Visual Studio Solution File, Format Version 12.00
# Visual Studio 2012
Project("{FAE04EC0-301F-11D3-BF4B-00C04F79EFBC}") = "Photos", "Photos\Photos.csproj", "{336CC726-E62D-484B-A15E-3E70A676D989}"
EndProject
Project("{FAE04EC0-301F-11D3-BF4B-00C04F79EFBC}") = "Plugins", "Plugins\Plugins.csproj", "{A441A116-8F91-4FBC-8420-D21C98283BD3}"
EndProject
Project("{FAE04EC0-301F-11D3-BF4B-00C04F79EFBC}") = "PhotoGrid", "PhotoGrid\PhotoGrid.csproj", "{2F542546-7B1D-4C43-AF1F-092AEE556FC2}"
EndProject
Project("{FAE04EC0-301F-11D3-BF4B-00C04F79EFBC}") = "PhotoList", "PhotoList\PhotoList.csproj", "{D4DF1CC1-C044-4C90-AB09-9744E9ACFCC9}"
EndProject
Project("{FAE04EC0-301F-11D3-BF4B-00C04F79EFBC}") = "PhotosWeb", "PhotosWeb\PhotosWeb.csproj", "{D1A2D374-10B7-45A6-A699-AFDE6AD62150}"
EndProject
Project("{FAE04EC0-301F-11D3-BF4B-00C04F79EFBC}") = "PhotoListTests", "PhotoListTests\PhotoListTests.csproj", "{99344CB4-B164-4635-8795-D44E53357EE8}"
EndProject
Project("{2150E333-8FDC-42A3-9474-1A3956D46DE8}") = "Solution Items", "Solution Items", "{E27F9C93-1A3C-453A-B259-9ED71B63D332}"
	ProjectSection(SolutionItems) = preProject
		PhotoListTests.testsettings = PhotoListTests.testsettings
	EndProjectSection
EndProject
Global
	GlobalSection(SolutionConfigurationPlatforms) = preSolution
		Debug|Any CPU = Debug|Any CPU
		Release|Any CPU = Release|Any CPU
	EndGlobalSection
	GlobalSection(ProjectConfigurationPlatforms) = postSolution
		{2F542546-7B1D-4C43-AF1F-092AEE556FC2}.Debug|Any CPU.ActiveCfg = Debug|Any CPU
		{2F542546-7B1D-4C43-AF1F-092AEE556FC2}.Debug|Any CPU.Build.0 = Debug|Any CPU
		{2F542546-7B1D-4C43-AF1F-092AEE556FC2}.Release|Any CPU.ActiveCfg = Release|Any CPU
		{2F542546-7B1D-4C43-AF1F-092AEE556FC2}.Release|Any CPU.Build.0 = Release|Any CPU
		{336CC726-E62D-484B-A15E-3E70A676D989}.Debug|Any CPU.ActiveCfg = Debug|Any CPU
		{336CC726-E62D-484B-A15E-3E70A676D989}.Debug|Any CPU.Build.0 = Debug|Any CPU
		{336CC726-E62D-484B-A15E-3E70A676D989}.Release|Any CPU.ActiveCfg = Release|Any CPU
		{336CC726-E62D-484B-A15E-3E70A676D989}.Release|Any CPU.Build.0 = Release|Any CPU
		{99344CB4-B164-4635-8795-D44E53357EE8}.Debug|Any CPU.ActiveCfg = Debug|Any CPU
		{99344CB4-B164-4635-8795-D44E53357EE8}.Debug|Any CPU.Build.0 = Debug|Any CPU
		{99344CB4-B164-4635-8795-D44E53357EE8}.Release|Any CPU.ActiveCfg = Release|Any CPU
		{99344CB4-B164-4635-8795-D44E53357EE8}.Release|Any CPU.Build.0 = Release|Any CPU
		{A441A116-8F91-4FBC-8420-D21C98283BD3}.Debug|Any CPU.ActiveCfg = Debug|Any CPU
		{A441A116-8F91-4FBC-8420-D21C98283BD3}.Debug|Any CPU.Build.0 = Debug|Any CPU
		{A441A116-8F91-4FBC-8420-D21C98283BD3}.Release|Any CPU.ActiveCfg = Release|Any CPU
		{A441A116-8F91-4FBC-8420-D21C98283BD3}.Release|Any CPU.Build.0 = Release|Any CPU
		{D1A2D374-10B7-45A6-A699-AFDE6AD62150}.Debug|Any CPU.ActiveCfg = Debug|Any CPU
		{D1A2D374-10B7-45A6-A699-AFDE6AD62150}.Debug|Any CPU.Build.0 = Debug|Any CPU
		{D1A2D374-10B7-45A6-A699-AFDE6AD62150}.Release|Any CPU.ActiveCfg = Release|Any CPU
		{D1A2D374-10B7-45A6-A699-AFDE6AD62150}.Release|Any CPU.Build.0 = Release|Any CPU
		{D4DF1CC1-C044-4C90-AB09-9744E9ACFCC9}.Debug|Any CPU.ActiveCfg = Debug|Any CPU
		{D4DF1CC1-C044-4C90-AB09-9744E9ACFCC9}.Debug|Any CPU.Build.0 = Debug|Any CPU
		{D4DF1CC1-C044-4C90-AB09-9744E9ACFCC9}.Release|Any CPU.ActiveCfg = Release|Any CPU
		{D4DF1CC1-C044-4C90-AB09-9744E9ACFCC9}.Release|Any CPU.Build.0 = Release|Any CPU
	EndGlobalSection
	GlobalSection(SolutionProperties) = preSolution
		HideSolutionNode = FALSE
	EndGlobalSection
EndGlobal
