
Microsoft Visual Studio Solution File, Format Version 12.00
# Visual Studio 2012
Project("{FAE04EC0-301F-11D3-BF4B-00C04F79EFBC}") = "Web", "Web\Web.csproj", "{05C1CE5C-8F5E-4739-81C6-498F734A5EC6}"
EndProject
Project("{FAE04EC0-301F-11D3-BF4B-00C04F79EFBC}") = "App", "App\App.csproj", "{6BFE535A-668C-447E-BAF9-AC84B120F9BF}"
EndProject
Global
	GlobalSection(SolutionConfigurationPlatforms) = preSolution
		Debug|Any CPU = Debug|Any CPU
		Release|Any CPU = Release|Any CPU
	EndGlobalSection
	GlobalSection(ProjectConfigurationPlatforms) = postSolution
		{05C1CE5C-8F5E-4739-81C6-498F734A5EC6}.Debug|Any CPU.ActiveCfg = Debug|Any CPU
		{05C1CE5C-8F5E-4739-81C6-498F734A5EC6}.Debug|Any CPU.Build.0 = Debug|Any CPU
		{05C1CE5C-8F5E-4739-81C6-498F734A5EC6}.Release|Any CPU.ActiveCfg = Release|Any CPU
		{05C1CE5C-8F5E-4739-81C6-498F734A5EC6}.Release|Any CPU.Build.0 = Release|Any CPU
		{6BFE535A-668C-447E-BAF9-AC84B120F9BF}.Debug|Any CPU.ActiveCfg = Debug|Any CPU
		{6BFE535A-668C-447E-BAF9-AC84B120F9BF}.Debug|Any CPU.Build.0 = Debug|Any CPU
		{6BFE535A-668C-447E-BAF9-AC84B120F9BF}.Release|Any CPU.ActiveCfg = Release|Any CPU
		{6BFE535A-668C-447E-BAF9-AC84B120F9BF}.Release|Any CPU.Build.0 = Release|Any CPU
	EndGlobalSection
	GlobalSection(SolutionProperties) = preSolution
		HideSolutionNode = FALSE
	EndGlobalSection
EndGlobal
