
Microsoft Visual Studio Solution File, Format Version 11.00
# Visual Studio 2010
Project("{E24C65DC-7377-472B-9ABA-BC803B73C61A}") = "FishTankWeb", "FishTankWeb", "{4EF1027C-01B9-4F82-AE0C-338425CDB125}"
	ProjectSection(WebsiteProperties) = preProject
		TargetFrameworkMoniker = ".NETFramework,Version%3Dv4.0"
		Debug.AspNetCompiler.VirtualPath = "/FishTankWeb"
		Debug.AspNetCompiler.PhysicalPath = "FishTankWeb\"
		Debug.AspNetCompiler.TargetPath = "PrecompiledWeb\FishTankWeb\"
		Debug.AspNetCompiler.Updateable = "true"
		Debug.AspNetCompiler.ForceOverwrite = "true"
		Debug.AspNetCompiler.FixedNames = "false"
		Debug.AspNetCompiler.Debug = "True"
		Release.AspNetCompiler.VirtualPath = "/FishTankWeb"
		Release.AspNetCompiler.PhysicalPath = "FishTankWeb\"
		Release.AspNetCompiler.TargetPath = "PrecompiledWeb\FishTankWeb\"
		Release.AspNetCompiler.Updateable = "true"
		Release.AspNetCompiler.ForceOverwrite = "true"
		Release.AspNetCompiler.FixedNames = "false"
		Release.AspNetCompiler.Debug = "False"
		VWDPort = "31123"
		DefaultWebSiteLanguage = "Visual C#"
	EndProjectSection
EndProject
Project("{FAE04EC0-301F-11D3-BF4B-00C04F79EFBC}") = "FishTankApp", "FishTankApp\FishTankApp.csproj", "{C2E3C95C-6B2A-4152-916B-578CAD82E776}"
EndProject
Global
	GlobalSection(SolutionConfigurationPlatforms) = preSolution
		Debug|Any CPU = Debug|Any CPU
		Release|Any CPU = Release|Any CPU
	EndGlobalSection
	GlobalSection(ProjectConfigurationPlatforms) = postSolution
		{4EF1027C-01B9-4F82-AE0C-338425CDB125}.Debug|Any CPU.ActiveCfg = Debug|Any CPU
		{4EF1027C-01B9-4F82-AE0C-338425CDB125}.Debug|Any CPU.Build.0 = Debug|Any CPU
		{4EF1027C-01B9-4F82-AE0C-338425CDB125}.Release|Any CPU.ActiveCfg = Debug|Any CPU
		{4EF1027C-01B9-4F82-AE0C-338425CDB125}.Release|Any CPU.Build.0 = Debug|Any CPU
		{C2E3C95C-6B2A-4152-916B-578CAD82E776}.Debug|Any CPU.ActiveCfg = Debug|Any CPU
		{C2E3C95C-6B2A-4152-916B-578CAD82E776}.Debug|Any CPU.Build.0 = Debug|Any CPU
		{C2E3C95C-6B2A-4152-916B-578CAD82E776}.Release|Any CPU.ActiveCfg = Release|Any CPU
		{C2E3C95C-6B2A-4152-916B-578CAD82E776}.Release|Any CPU.Build.0 = Release|Any CPU
	EndGlobalSection
	GlobalSection(SolutionProperties) = preSolution
		HideSolutionNode = FALSE
	EndGlobalSection
EndGlobal
