
Microsoft Visual Studio Solution File, Format Version 11.00
# Visual Studio 2010
Project("{FAE04EC0-301F-11D3-BF4B-00C04F79EFBC}") = "jQuery.UI.Web", "jQuery.UI.Web\jQuery.UI.Web.csproj", "{4ECB834B-B9C5-4555-80E0-7BE1CFCF870F}"
EndProject
Project("{FAE04EC0-301F-11D3-BF4B-00C04F79EFBC}") = "jQuery.UI.Sample", "jQuery.UI.Sample\jQuery.UI.Sample.csproj", "{D3187883-0673-4C97-9C5A-591B7F8C85A4}"
EndProject
Global
	GlobalSection(SolutionConfigurationPlatforms) = preSolution
		Debug|Any CPU = Debug|Any CPU
		Release|Any CPU = Release|Any CPU
	EndGlobalSection
	GlobalSection(ProjectConfigurationPlatforms) = postSolution
		{4ECB834B-B9C5-4555-80E0-7BE1CFCF870F}.Debug|Any CPU.ActiveCfg = Debug|Any CPU
		{4ECB834B-B9C5-4555-80E0-7BE1CFCF870F}.Debug|Any CPU.Build.0 = Debug|Any CPU
		{4ECB834B-B9C5-4555-80E0-7BE1CFCF870F}.Release|Any CPU.ActiveCfg = Release|Any CPU
		{4ECB834B-B9C5-4555-80E0-7BE1CFCF870F}.Release|Any CPU.Build.0 = Release|Any CPU
		{D3187883-0673-4C97-9C5A-591B7F8C85A4}.Debug|Any CPU.ActiveCfg = Debug|Any CPU
		{D3187883-0673-4C97-9C5A-591B7F8C85A4}.Debug|Any CPU.Build.0 = Debug|Any CPU
		{D3187883-0673-4C97-9C5A-591B7F8C85A4}.Release|Any CPU.ActiveCfg = Release|Any CPU
		{D3187883-0673-4C97-9C5A-591B7F8C85A4}.Release|Any CPU.Build.0 = Release|Any CPU
	EndGlobalSection
	GlobalSection(SolutionProperties) = preSolution
		HideSolutionNode = FALSE
	EndGlobalSection
EndGlobal
