
Microsoft Visual Studio Solution File, Format Version 11.00
# Visual Studio 2010
Project("{FAE04EC0-301F-11D3-BF4B-00C04F79EFBC}") = "BingMapsWeb", "BingMapsWeb\BingMapsWeb.csproj", "{538BAD37-C5FE-48EA-BC51-6686A575D1F0}"
EndProject
Project("{FAE04EC0-301F-11D3-BF4B-00C04F79EFBC}") = "BingMapsApp", "BingMapsApp\BingMapsApp.csproj", "{DDDA2C59-1B18-4016-AC45-6FF217665A01}"
EndProject
Global
	GlobalSection(SolutionConfigurationPlatforms) = preSolution
		Debug|Any CPU = Debug|Any CPU
		Release|Any CPU = Release|Any CPU
	EndGlobalSection
	GlobalSection(ProjectConfigurationPlatforms) = postSolution
		{538BAD37-C5FE-48EA-BC51-6686A575D1F0}.Debug|Any CPU.ActiveCfg = Debug|Any CPU
		{538BAD37-C5FE-48EA-BC51-6686A575D1F0}.Debug|Any CPU.Build.0 = Debug|Any CPU
		{538BAD37-C5FE-48EA-BC51-6686A575D1F0}.Release|Any CPU.ActiveCfg = Release|Any CPU
		{538BAD37-C5FE-48EA-BC51-6686A575D1F0}.Release|Any CPU.Build.0 = Release|Any CPU
		{DDDA2C59-1B18-4016-AC45-6FF217665A01}.Debug|Any CPU.ActiveCfg = Debug|Any CPU
		{DDDA2C59-1B18-4016-AC45-6FF217665A01}.Debug|Any CPU.Build.0 = Debug|Any CPU
		{DDDA2C59-1B18-4016-AC45-6FF217665A01}.Release|Any CPU.ActiveCfg = Release|Any CPU
		{DDDA2C59-1B18-4016-AC45-6FF217665A01}.Release|Any CPU.Build.0 = Release|Any CPU
	EndGlobalSection
	GlobalSection(SolutionProperties) = preSolution
		HideSolutionNode = FALSE
	EndGlobalSection
EndGlobal
