
Microsoft Visual Studio Solution File, Format Version 12.00
# Visual Studio Version 16
VisualStudioVersion = 16.0.29020.237
MinimumVisualStudioVersion = 10.0.40219.1
Project("{FAE04EC0-301F-11D3-BF4B-00C04F79EFBC}") = "TodoApplication", "TodoApplication\TodoApplication.csproj", "{6E3E8F33-D12E-4208-86E8-397082EF8E75}"
EndProject
Project("{FAE04EC0-301F-11D3-BF4B-00C04F79EFBC}") = "ComponentLibrary", "ComponentLibrary\ComponentLibrary.csproj", "{6949D816-8DE8-4D4F-8A78-1E62AF1E08EF}"
EndProject
Project("{2150E333-8FDC-42A3-9474-1A3956D46DE8}") = "Misc", "Misc", "{832E5A1B-5A4A-451E-ABA0-7BA7BCA821CE}"
	ProjectSection(SolutionItems) = preProject
		global.json = global.json
		NuGet.Config = NuGet.Config
		Readme.md = Readme.md
	EndProjectSection
EndProject
Global
	GlobalSection(SolutionConfigurationPlatforms) = preSolution
		Debug|Any CPU = Debug|Any CPU
		Release|Any CPU = Release|Any CPU
	EndGlobalSection
	GlobalSection(ProjectConfigurationPlatforms) = postSolution
		{6E3E8F33-D12E-4208-86E8-397082EF8E75}.Debug|Any CPU.ActiveCfg = Debug|Any CPU
		{6E3E8F33-D12E-4208-86E8-397082EF8E75}.Debug|Any CPU.Build.0 = Debug|Any CPU
		{6E3E8F33-D12E-4208-86E8-397082EF8E75}.Release|Any CPU.ActiveCfg = Release|Any CPU
		{6E3E8F33-D12E-4208-86E8-397082EF8E75}.Release|Any CPU.Build.0 = Release|Any CPU
		{6949D816-8DE8-4D4F-8A78-1E62AF1E08EF}.Debug|Any CPU.ActiveCfg = Debug|Any CPU
		{6949D816-8DE8-4D4F-8A78-1E62AF1E08EF}.Debug|Any CPU.Build.0 = Debug|Any CPU
		{6949D816-8DE8-4D4F-8A78-1E62AF1E08EF}.Release|Any CPU.ActiveCfg = Release|Any CPU
		{6949D816-8DE8-4D4F-8A78-1E62AF1E08EF}.Release|Any CPU.Build.0 = Release|Any CPU
	EndGlobalSection
	GlobalSection(SolutionProperties) = preSolution
		HideSolutionNode = FALSE
	EndGlobalSection
	GlobalSection(ExtensibilityGlobals) = postSolution
		SolutionGuid = {08CED6A5-6AD9-4A85-A111-BE6D4182AC1E}
	EndGlobalSection
EndGlobal
