
Microsoft Visual Studio Solution File, Format Version 12.00
# Visual Studio Version 16
VisualStudioVersion = 16.0.28822.285
MinimumVisualStudioVersion = 10.0.40219.1
Project("{2150E333-8FDC-42A3-9474-1A3956D46DE8}") = "Core", "Core", "{D1DF352A-45B6-4130-9A8B-A24C20257B7D}"
EndProject
Project("{2150E333-8FDC-42A3-9474-1A3956D46DE8}") = "Tests", "Tests", "{CF118BCB-F594-4EBD-9571-107AD2E1B569}"
EndProject
Project("{9A19103F-16F7-4668-BE54-9A1E7A4F7556}") = "DSharp.Build", "DSharp.Build\DSharp.Build.csproj", "{AFF55DAB-FF5C-41DC-9209-0C0B54EE1645}"
EndProject
Project("{9A19103F-16F7-4668-BE54-9A1E7A4F7556}") = "DSharp.Compiler", "DSharp.Compiler\DSharp.Compiler.csproj", "{35E58E1C-E298-44D8-9CA5-FB427C16FD1C}"
EndProject
Project("{9A19103F-16F7-4668-BE54-9A1E7A4F7556}") = "DSharp.Mscorlib", "DSharp.Mscorlib\DSharp.Mscorlib.csproj", "{36D4B098-A21C-4725-ACD3-400922885F38}"
EndProject
Project("{9A19103F-16F7-4668-BE54-9A1E7A4F7556}") = "DSharp.Scripts", "DSharp.Script\DSharp.Scripts.csproj", "{8780581F-7C26-4B64-9236-BA1C458DF36E}"
EndProject
Project("{9A19103F-16F7-4668-BE54-9A1E7A4F7556}") = "DSharp.Shell", "DSharp.Shell\DSharp.Shell.csproj", "{0C545112-DD6A-4270-B95C-CC488501EF5F}"
	ProjectSection(ProjectDependencies) = postProject
		{8780581F-7C26-4B64-9236-BA1C458DF36E} = {8780581F-7C26-4B64-9236-BA1C458DF36E}
	EndProjectSection
EndProject
Project("{9A19103F-16F7-4668-BE54-9A1E7A4F7556}") = "DSharp.Web", "DSharp.Web\DSharp.Web.csproj", "{3681A9A8-FC40-4125-B842-7775713C8DCE}"
EndProject
Project("{9A19103F-16F7-4668-BE54-9A1E7A4F7556}") = "DSharp.Compiler.TestFramework", "TestFramework\DSharp.Compiler.TestFramework\DSharp.Compiler.TestFramework.csproj", "{F04779C4-5ECB-4C23-B751-2E9EE4B550F5}"
EndProject
Project("{9A19103F-16F7-4668-BE54-9A1E7A4F7556}") = "DSharp.Compiler.TestFramework.Web", "TestFramework\DSharp.Compiler.TestFramework.Web\DSharp.Compiler.TestFramework.Web.csproj", "{590D7427-81A9-469C-B393-2CCCFFC1B23E}"
EndProject
Project("{9A19103F-16F7-4668-BE54-9A1E7A4F7556}") = "DSharp.Compiler.Tests", "DSharp.Compiler.Tests\DSharp.Compiler.Tests.csproj", "{3E60FDD5-9E13-4935-B250-24BBA1E57BD5}"
	ProjectSection(ProjectDependencies) = postProject
		{DFA0CF1C-2713-47C7-A6E2-E77E284D6A46} = {DFA0CF1C-2713-47C7-A6E2-E77E284D6A46}
		{36D4B098-A21C-4725-ACD3-400922885F38} = {36D4B098-A21C-4725-ACD3-400922885F38}
		{3681A9A8-FC40-4125-B842-7775713C8DCE} = {3681A9A8-FC40-4125-B842-7775713C8DCE}
		{AFF55DAB-FF5C-41DC-9209-0C0B54EE1645} = {AFF55DAB-FF5C-41DC-9209-0C0B54EE1645}
	EndProjectSection
EndProject
Project("{2150E333-8FDC-42A3-9474-1A3956D46DE8}") = "Framework", "Framework", "{A1A548EF-DBE4-4111-BB93-3C65C77E2FDD}"
EndProject
Project("{2150E333-8FDC-42A3-9474-1A3956D46DE8}") = "Common", "Common", "{9ECDD7B6-4D4A-4578-9157-B99214BEDE6F}"
	ProjectSection(SolutionItems) = preProject
		DSharp.snk = DSharp.snk
		global.json = global.json
		NuGet.Config = NuGet.Config
		NuGetCommon.props = NuGetCommon.props
	EndProjectSection
EndProject
Project("{2150E333-8FDC-42A3-9474-1A3956D46DE8}") = "Sdk", "Sdk", "{33DE9F89-1472-4662-8780-22DD0B6E6138}"
EndProject
Project("{9A19103F-16F7-4668-BE54-9A1E7A4F7556}") = "DSharp.Sdk", "DSharp.Sdk\DSharp.Sdk.csproj", "{DFA0CF1C-2713-47C7-A6E2-E77E284D6A46}"
	ProjectSection(ProjectDependencies) = postProject
		{AFF55DAB-FF5C-41DC-9209-0C0B54EE1645} = {AFF55DAB-FF5C-41DC-9209-0C0B54EE1645}
	EndProjectSection
EndProject
Project("{9A19103F-16F7-4668-BE54-9A1E7A4F7556}") = "DSharp.Web.Sdk", "DSharp.Web.Sdk\DSharp.Web.Sdk.csproj", "{22A3E0ED-39CA-4929-A470-0FF8C057A316}"
EndProject
Global
	GlobalSection(SolutionConfigurationPlatforms) = preSolution
		Debug|.NET = Debug|.NET
		Debug|Any CPU = Debug|Any CPU
		Debug|Mixed Platforms = Debug|Mixed Platforms
		Debug|x86 = Debug|x86
		Release|.NET = Release|.NET
		Release|Any CPU = Release|Any CPU
		Release|Mixed Platforms = Release|Mixed Platforms
		Release|x86 = Release|x86
	EndGlobalSection
	GlobalSection(ProjectConfigurationPlatforms) = postSolution
		{AFF55DAB-FF5C-41DC-9209-0C0B54EE1645}.Debug|.NET.ActiveCfg = Debug|Any CPU
		{AFF55DAB-FF5C-41DC-9209-0C0B54EE1645}.Debug|.NET.Build.0 = Debug|Any CPU
		{AFF55DAB-FF5C-41DC-9209-0C0B54EE1645}.Debug|Any CPU.ActiveCfg = Debug|Any CPU
		{AFF55DAB-FF5C-41DC-9209-0C0B54EE1645}.Debug|Any CPU.Build.0 = Debug|Any CPU
		{AFF55DAB-FF5C-41DC-9209-0C0B54EE1645}.Debug|Mixed Platforms.ActiveCfg = Debug|Any CPU
		{AFF55DAB-FF5C-41DC-9209-0C0B54EE1645}.Debug|Mixed Platforms.Build.0 = Debug|Any CPU
		{AFF55DAB-FF5C-41DC-9209-0C0B54EE1645}.Debug|x86.ActiveCfg = Debug|Any CPU
		{AFF55DAB-FF5C-41DC-9209-0C0B54EE1645}.Debug|x86.Build.0 = Debug|Any CPU
		{AFF55DAB-FF5C-41DC-9209-0C0B54EE1645}.Release|.NET.ActiveCfg = Release|Any CPU
		{AFF55DAB-FF5C-41DC-9209-0C0B54EE1645}.Release|.NET.Build.0 = Release|Any CPU
		{AFF55DAB-FF5C-41DC-9209-0C0B54EE1645}.Release|Any CPU.ActiveCfg = Release|Any CPU
		{AFF55DAB-FF5C-41DC-9209-0C0B54EE1645}.Release|Any CPU.Build.0 = Release|Any CPU
		{AFF55DAB-FF5C-41DC-9209-0C0B54EE1645}.Release|Mixed Platforms.ActiveCfg = Release|Any CPU
		{AFF55DAB-FF5C-41DC-9209-0C0B54EE1645}.Release|Mixed Platforms.Build.0 = Release|Any CPU
		{AFF55DAB-FF5C-41DC-9209-0C0B54EE1645}.Release|x86.ActiveCfg = Release|Any CPU
		{AFF55DAB-FF5C-41DC-9209-0C0B54EE1645}.Release|x86.Build.0 = Release|Any CPU
		{35E58E1C-E298-44D8-9CA5-FB427C16FD1C}.Debug|.NET.ActiveCfg = Debug|Any CPU
		{35E58E1C-E298-44D8-9CA5-FB427C16FD1C}.Debug|.NET.Build.0 = Debug|Any CPU
		{35E58E1C-E298-44D8-9CA5-FB427C16FD1C}.Debug|Any CPU.ActiveCfg = Debug|Any CPU
		{35E58E1C-E298-44D8-9CA5-FB427C16FD1C}.Debug|Any CPU.Build.0 = Debug|Any CPU
		{35E58E1C-E298-44D8-9CA5-FB427C16FD1C}.Debug|Mixed Platforms.ActiveCfg = Debug|Any CPU
		{35E58E1C-E298-44D8-9CA5-FB427C16FD1C}.Debug|Mixed Platforms.Build.0 = Debug|Any CPU
		{35E58E1C-E298-44D8-9CA5-FB427C16FD1C}.Debug|x86.ActiveCfg = Debug|Any CPU
		{35E58E1C-E298-44D8-9CA5-FB427C16FD1C}.Debug|x86.Build.0 = Debug|Any CPU
		{35E58E1C-E298-44D8-9CA5-FB427C16FD1C}.Release|.NET.ActiveCfg = Release|Any CPU
		{35E58E1C-E298-44D8-9CA5-FB427C16FD1C}.Release|.NET.Build.0 = Release|Any CPU
		{35E58E1C-E298-44D8-9CA5-FB427C16FD1C}.Release|Any CPU.ActiveCfg = Release|Any CPU
		{35E58E1C-E298-44D8-9CA5-FB427C16FD1C}.Release|Any CPU.Build.0 = Release|Any CPU
		{35E58E1C-E298-44D8-9CA5-FB427C16FD1C}.Release|Mixed Platforms.ActiveCfg = Release|Any CPU
		{35E58E1C-E298-44D8-9CA5-FB427C16FD1C}.Release|Mixed Platforms.Build.0 = Release|Any CPU
		{35E58E1C-E298-44D8-9CA5-FB427C16FD1C}.Release|x86.ActiveCfg = Release|Any CPU
		{35E58E1C-E298-44D8-9CA5-FB427C16FD1C}.Release|x86.Build.0 = Release|Any CPU
		{36D4B098-A21C-4725-ACD3-400922885F38}.Debug|.NET.ActiveCfg = Debug|Any CPU
		{36D4B098-A21C-4725-ACD3-400922885F38}.Debug|.NET.Build.0 = Debug|Any CPU
		{36D4B098-A21C-4725-ACD3-400922885F38}.Debug|Any CPU.ActiveCfg = Debug|Any CPU
		{36D4B098-A21C-4725-ACD3-400922885F38}.Debug|Any CPU.Build.0 = Debug|Any CPU
		{36D4B098-A21C-4725-ACD3-400922885F38}.Debug|Mixed Platforms.ActiveCfg = Debug|Any CPU
		{36D4B098-A21C-4725-ACD3-400922885F38}.Debug|Mixed Platforms.Build.0 = Debug|Any CPU
		{36D4B098-A21C-4725-ACD3-400922885F38}.Debug|x86.ActiveCfg = Debug|Any CPU
		{36D4B098-A21C-4725-ACD3-400922885F38}.Debug|x86.Build.0 = Debug|Any CPU
		{36D4B098-A21C-4725-ACD3-400922885F38}.Release|.NET.ActiveCfg = Release|Any CPU
		{36D4B098-A21C-4725-ACD3-400922885F38}.Release|.NET.Build.0 = Release|Any CPU
		{36D4B098-A21C-4725-ACD3-400922885F38}.Release|Any CPU.ActiveCfg = Release|Any CPU
		{36D4B098-A21C-4725-ACD3-400922885F38}.Release|Any CPU.Build.0 = Release|Any CPU
		{36D4B098-A21C-4725-ACD3-400922885F38}.Release|Mixed Platforms.ActiveCfg = Release|Any CPU
		{36D4B098-A21C-4725-ACD3-400922885F38}.Release|Mixed Platforms.Build.0 = Release|Any CPU
		{36D4B098-A21C-4725-ACD3-400922885F38}.Release|x86.ActiveCfg = Release|Any CPU
		{36D4B098-A21C-4725-ACD3-400922885F38}.Release|x86.Build.0 = Release|Any CPU
		{8780581F-7C26-4B64-9236-BA1C458DF36E}.Debug|.NET.ActiveCfg = Debug|Any CPU
		{8780581F-7C26-4B64-9236-BA1C458DF36E}.Debug|.NET.Build.0 = Debug|Any CPU
		{8780581F-7C26-4B64-9236-BA1C458DF36E}.Debug|Any CPU.ActiveCfg = Debug|Any CPU
		{8780581F-7C26-4B64-9236-BA1C458DF36E}.Debug|Any CPU.Build.0 = Debug|Any CPU
		{8780581F-7C26-4B64-9236-BA1C458DF36E}.Debug|Mixed Platforms.ActiveCfg = Debug|Any CPU
		{8780581F-7C26-4B64-9236-BA1C458DF36E}.Debug|Mixed Platforms.Build.0 = Debug|Any CPU
		{8780581F-7C26-4B64-9236-BA1C458DF36E}.Debug|x86.ActiveCfg = Debug|Any CPU
		{8780581F-7C26-4B64-9236-BA1C458DF36E}.Debug|x86.Build.0 = Debug|Any CPU
		{8780581F-7C26-4B64-9236-BA1C458DF36E}.Release|.NET.ActiveCfg = Release|Any CPU
		{8780581F-7C26-4B64-9236-BA1C458DF36E}.Release|.NET.Build.0 = Release|Any CPU
		{8780581F-7C26-4B64-9236-BA1C458DF36E}.Release|Any CPU.ActiveCfg = Release|Any CPU
		{8780581F-7C26-4B64-9236-BA1C458DF36E}.Release|Any CPU.Build.0 = Release|Any CPU
		{8780581F-7C26-4B64-9236-BA1C458DF36E}.Release|Mixed Platforms.ActiveCfg = Release|Any CPU
		{8780581F-7C26-4B64-9236-BA1C458DF36E}.Release|Mixed Platforms.Build.0 = Release|Any CPU
		{8780581F-7C26-4B64-9236-BA1C458DF36E}.Release|x86.ActiveCfg = Release|Any CPU
		{8780581F-7C26-4B64-9236-BA1C458DF36E}.Release|x86.Build.0 = Release|Any CPU
		{0C545112-DD6A-4270-B95C-CC488501EF5F}.Debug|.NET.ActiveCfg = Debug|Any CPU
		{0C545112-DD6A-4270-B95C-CC488501EF5F}.Debug|.NET.Build.0 = Debug|Any CPU
		{0C545112-DD6A-4270-B95C-CC488501EF5F}.Debug|Any CPU.ActiveCfg = Debug|Any CPU
		{0C545112-DD6A-4270-B95C-CC488501EF5F}.Debug|Any CPU.Build.0 = Debug|Any CPU
		{0C545112-DD6A-4270-B95C-CC488501EF5F}.Debug|Mixed Platforms.ActiveCfg = Debug|Any CPU
		{0C545112-DD6A-4270-B95C-CC488501EF5F}.Debug|Mixed Platforms.Build.0 = Debug|Any CPU
		{0C545112-DD6A-4270-B95C-CC488501EF5F}.Debug|x86.ActiveCfg = Debug|Any CPU
		{0C545112-DD6A-4270-B95C-CC488501EF5F}.Debug|x86.Build.0 = Debug|Any CPU
		{0C545112-DD6A-4270-B95C-CC488501EF5F}.Release|.NET.ActiveCfg = Release|Any CPU
		{0C545112-DD6A-4270-B95C-CC488501EF5F}.Release|.NET.Build.0 = Release|Any CPU
		{0C545112-DD6A-4270-B95C-CC488501EF5F}.Release|Any CPU.ActiveCfg = Release|Any CPU
		{0C545112-DD6A-4270-B95C-CC488501EF5F}.Release|Any CPU.Build.0 = Release|Any CPU
		{0C545112-DD6A-4270-B95C-CC488501EF5F}.Release|Mixed Platforms.ActiveCfg = Release|Any CPU
		{0C545112-DD6A-4270-B95C-CC488501EF5F}.Release|Mixed Platforms.Build.0 = Release|Any CPU
		{0C545112-DD6A-4270-B95C-CC488501EF5F}.Release|x86.ActiveCfg = Release|Any CPU
		{0C545112-DD6A-4270-B95C-CC488501EF5F}.Release|x86.Build.0 = Release|Any CPU
		{3681A9A8-FC40-4125-B842-7775713C8DCE}.Debug|.NET.ActiveCfg = Debug|Any CPU
		{3681A9A8-FC40-4125-B842-7775713C8DCE}.Debug|.NET.Build.0 = Debug|Any CPU
		{3681A9A8-FC40-4125-B842-7775713C8DCE}.Debug|Any CPU.ActiveCfg = Debug|Any CPU
		{3681A9A8-FC40-4125-B842-7775713C8DCE}.Debug|Any CPU.Build.0 = Debug|Any CPU
		{3681A9A8-FC40-4125-B842-7775713C8DCE}.Debug|Mixed Platforms.ActiveCfg = Debug|Any CPU
		{3681A9A8-FC40-4125-B842-7775713C8DCE}.Debug|Mixed Platforms.Build.0 = Debug|Any CPU
		{3681A9A8-FC40-4125-B842-7775713C8DCE}.Debug|x86.ActiveCfg = Debug|Any CPU
		{3681A9A8-FC40-4125-B842-7775713C8DCE}.Debug|x86.Build.0 = Debug|Any CPU
		{3681A9A8-FC40-4125-B842-7775713C8DCE}.Release|.NET.ActiveCfg = Release|Any CPU
		{3681A9A8-FC40-4125-B842-7775713C8DCE}.Release|.NET.Build.0 = Release|Any CPU
		{3681A9A8-FC40-4125-B842-7775713C8DCE}.Release|Any CPU.ActiveCfg = Release|Any CPU
		{3681A9A8-FC40-4125-B842-7775713C8DCE}.Release|Any CPU.Build.0 = Release|Any CPU
		{3681A9A8-FC40-4125-B842-7775713C8DCE}.Release|Mixed Platforms.ActiveCfg = Release|Any CPU
		{3681A9A8-FC40-4125-B842-7775713C8DCE}.Release|Mixed Platforms.Build.0 = Release|Any CPU
		{3681A9A8-FC40-4125-B842-7775713C8DCE}.Release|x86.ActiveCfg = Release|Any CPU
		{3681A9A8-FC40-4125-B842-7775713C8DCE}.Release|x86.Build.0 = Release|Any CPU
		{F04779C4-5ECB-4C23-B751-2E9EE4B550F5}.Debug|.NET.ActiveCfg = Debug|Any CPU
		{F04779C4-5ECB-4C23-B751-2E9EE4B550F5}.Debug|.NET.Build.0 = Debug|Any CPU
		{F04779C4-5ECB-4C23-B751-2E9EE4B550F5}.Debug|Any CPU.ActiveCfg = Debug|Any CPU
		{F04779C4-5ECB-4C23-B751-2E9EE4B550F5}.Debug|Any CPU.Build.0 = Debug|Any CPU
		{F04779C4-5ECB-4C23-B751-2E9EE4B550F5}.Debug|Mixed Platforms.ActiveCfg = Debug|Any CPU
		{F04779C4-5ECB-4C23-B751-2E9EE4B550F5}.Debug|Mixed Platforms.Build.0 = Debug|Any CPU
		{F04779C4-5ECB-4C23-B751-2E9EE4B550F5}.Debug|x86.ActiveCfg = Debug|Any CPU
		{F04779C4-5ECB-4C23-B751-2E9EE4B550F5}.Debug|x86.Build.0 = Debug|Any CPU
		{F04779C4-5ECB-4C23-B751-2E9EE4B550F5}.Release|.NET.ActiveCfg = Release|Any CPU
		{F04779C4-5ECB-4C23-B751-2E9EE4B550F5}.Release|.NET.Build.0 = Release|Any CPU
		{F04779C4-5ECB-4C23-B751-2E9EE4B550F5}.Release|Any CPU.ActiveCfg = Release|Any CPU
		{F04779C4-5ECB-4C23-B751-2E9EE4B550F5}.Release|Any CPU.Build.0 = Release|Any CPU
		{F04779C4-5ECB-4C23-B751-2E9EE4B550F5}.Release|Mixed Platforms.ActiveCfg = Release|Any CPU
		{F04779C4-5ECB-4C23-B751-2E9EE4B550F5}.Release|Mixed Platforms.Build.0 = Release|Any CPU
		{F04779C4-5ECB-4C23-B751-2E9EE4B550F5}.Release|x86.ActiveCfg = Release|Any CPU
		{F04779C4-5ECB-4C23-B751-2E9EE4B550F5}.Release|x86.Build.0 = Release|Any CPU
		{590D7427-81A9-469C-B393-2CCCFFC1B23E}.Debug|.NET.ActiveCfg = Debug|Any CPU
		{590D7427-81A9-469C-B393-2CCCFFC1B23E}.Debug|.NET.Build.0 = Debug|Any CPU
		{590D7427-81A9-469C-B393-2CCCFFC1B23E}.Debug|Any CPU.ActiveCfg = Debug|Any CPU
		{590D7427-81A9-469C-B393-2CCCFFC1B23E}.Debug|Any CPU.Build.0 = Debug|Any CPU
		{590D7427-81A9-469C-B393-2CCCFFC1B23E}.Debug|Mixed Platforms.ActiveCfg = Debug|Any CPU
		{590D7427-81A9-469C-B393-2CCCFFC1B23E}.Debug|Mixed Platforms.Build.0 = Debug|Any CPU
		{590D7427-81A9-469C-B393-2CCCFFC1B23E}.Debug|x86.ActiveCfg = Debug|Any CPU
		{590D7427-81A9-469C-B393-2CCCFFC1B23E}.Debug|x86.Build.0 = Debug|Any CPU
		{590D7427-81A9-469C-B393-2CCCFFC1B23E}.Release|.NET.ActiveCfg = Release|Any CPU
		{590D7427-81A9-469C-B393-2CCCFFC1B23E}.Release|.NET.Build.0 = Release|Any CPU
		{590D7427-81A9-469C-B393-2CCCFFC1B23E}.Release|Any CPU.ActiveCfg = Release|Any CPU
		{590D7427-81A9-469C-B393-2CCCFFC1B23E}.Release|Any CPU.Build.0 = Release|Any CPU
		{590D7427-81A9-469C-B393-2CCCFFC1B23E}.Release|Mixed Platforms.ActiveCfg = Release|Any CPU
		{590D7427-81A9-469C-B393-2CCCFFC1B23E}.Release|Mixed Platforms.Build.0 = Release|Any CPU
		{590D7427-81A9-469C-B393-2CCCFFC1B23E}.Release|x86.ActiveCfg = Release|Any CPU
		{590D7427-81A9-469C-B393-2CCCFFC1B23E}.Release|x86.Build.0 = Release|Any CPU
		{3E60FDD5-9E13-4935-B250-24BBA1E57BD5}.Debug|.NET.ActiveCfg = Debug|Any CPU
		{3E60FDD5-9E13-4935-B250-24BBA1E57BD5}.Debug|.NET.Build.0 = Debug|Any CPU
		{3E60FDD5-9E13-4935-B250-24BBA1E57BD5}.Debug|Any CPU.ActiveCfg = Debug|Any CPU
		{3E60FDD5-9E13-4935-B250-24BBA1E57BD5}.Debug|Any CPU.Build.0 = Debug|Any CPU
		{3E60FDD5-9E13-4935-B250-24BBA1E57BD5}.Debug|Mixed Platforms.ActiveCfg = Debug|Any CPU
		{3E60FDD5-9E13-4935-B250-24BBA1E57BD5}.Debug|Mixed Platforms.Build.0 = Debug|Any CPU
		{3E60FDD5-9E13-4935-B250-24BBA1E57BD5}.Debug|x86.ActiveCfg = Debug|Any CPU
		{3E60FDD5-9E13-4935-B250-24BBA1E57BD5}.Debug|x86.Build.0 = Debug|Any CPU
		{3E60FDD5-9E13-4935-B250-24BBA1E57BD5}.Release|.NET.ActiveCfg = Release|Any CPU
		{3E60FDD5-9E13-4935-B250-24BBA1E57BD5}.Release|.NET.Build.0 = Release|Any CPU
		{3E60FDD5-9E13-4935-B250-24BBA1E57BD5}.Release|Any CPU.ActiveCfg = Release|Any CPU
		{3E60FDD5-9E13-4935-B250-24BBA1E57BD5}.Release|Any CPU.Build.0 = Release|Any CPU
		{3E60FDD5-9E13-4935-B250-24BBA1E57BD5}.Release|Mixed Platforms.ActiveCfg = Release|Any CPU
		{3E60FDD5-9E13-4935-B250-24BBA1E57BD5}.Release|Mixed Platforms.Build.0 = Release|Any CPU
		{3E60FDD5-9E13-4935-B250-24BBA1E57BD5}.Release|x86.ActiveCfg = Release|Any CPU
		{3E60FDD5-9E13-4935-B250-24BBA1E57BD5}.Release|x86.Build.0 = Release|Any CPU
		{DFA0CF1C-2713-47C7-A6E2-E77E284D6A46}.Debug|.NET.ActiveCfg = Debug|Any CPU
		{DFA0CF1C-2713-47C7-A6E2-E77E284D6A46}.Debug|.NET.Build.0 = Debug|Any CPU
		{DFA0CF1C-2713-47C7-A6E2-E77E284D6A46}.Debug|Any CPU.ActiveCfg = Debug|Any CPU
		{DFA0CF1C-2713-47C7-A6E2-E77E284D6A46}.Debug|Any CPU.Build.0 = Debug|Any CPU
		{DFA0CF1C-2713-47C7-A6E2-E77E284D6A46}.Debug|Mixed Platforms.ActiveCfg = Debug|Any CPU
		{DFA0CF1C-2713-47C7-A6E2-E77E284D6A46}.Debug|Mixed Platforms.Build.0 = Debug|Any CPU
		{DFA0CF1C-2713-47C7-A6E2-E77E284D6A46}.Debug|x86.ActiveCfg = Debug|Any CPU
		{DFA0CF1C-2713-47C7-A6E2-E77E284D6A46}.Debug|x86.Build.0 = Debug|Any CPU
		{DFA0CF1C-2713-47C7-A6E2-E77E284D6A46}.Release|.NET.ActiveCfg = Release|Any CPU
		{DFA0CF1C-2713-47C7-A6E2-E77E284D6A46}.Release|.NET.Build.0 = Release|Any CPU
		{DFA0CF1C-2713-47C7-A6E2-E77E284D6A46}.Release|Any CPU.ActiveCfg = Release|Any CPU
		{DFA0CF1C-2713-47C7-A6E2-E77E284D6A46}.Release|Any CPU.Build.0 = Release|Any CPU
		{DFA0CF1C-2713-47C7-A6E2-E77E284D6A46}.Release|Mixed Platforms.ActiveCfg = Release|Any CPU
		{DFA0CF1C-2713-47C7-A6E2-E77E284D6A46}.Release|Mixed Platforms.Build.0 = Release|Any CPU
		{DFA0CF1C-2713-47C7-A6E2-E77E284D6A46}.Release|x86.ActiveCfg = Release|Any CPU
		{DFA0CF1C-2713-47C7-A6E2-E77E284D6A46}.Release|x86.Build.0 = Release|Any CPU
		{22A3E0ED-39CA-4929-A470-0FF8C057A316}.Debug|.NET.ActiveCfg = Debug|Any CPU
		{22A3E0ED-39CA-4929-A470-0FF8C057A316}.Debug|.NET.Build.0 = Debug|Any CPU
		{22A3E0ED-39CA-4929-A470-0FF8C057A316}.Debug|Any CPU.ActiveCfg = Debug|Any CPU
		{22A3E0ED-39CA-4929-A470-0FF8C057A316}.Debug|Any CPU.Build.0 = Debug|Any CPU
		{22A3E0ED-39CA-4929-A470-0FF8C057A316}.Debug|Mixed Platforms.ActiveCfg = Debug|Any CPU
		{22A3E0ED-39CA-4929-A470-0FF8C057A316}.Debug|Mixed Platforms.Build.0 = Debug|Any CPU
		{22A3E0ED-39CA-4929-A470-0FF8C057A316}.Debug|x86.ActiveCfg = Debug|Any CPU
		{22A3E0ED-39CA-4929-A470-0FF8C057A316}.Debug|x86.Build.0 = Debug|Any CPU
		{22A3E0ED-39CA-4929-A470-0FF8C057A316}.Release|.NET.ActiveCfg = Release|Any CPU
		{22A3E0ED-39CA-4929-A470-0FF8C057A316}.Release|.NET.Build.0 = Release|Any CPU
		{22A3E0ED-39CA-4929-A470-0FF8C057A316}.Release|Any CPU.ActiveCfg = Release|Any CPU
		{22A3E0ED-39CA-4929-A470-0FF8C057A316}.Release|Any CPU.Build.0 = Release|Any CPU
		{22A3E0ED-39CA-4929-A470-0FF8C057A316}.Release|Mixed Platforms.ActiveCfg = Release|Any CPU
		{22A3E0ED-39CA-4929-A470-0FF8C057A316}.Release|Mixed Platforms.Build.0 = Release|Any CPU
		{22A3E0ED-39CA-4929-A470-0FF8C057A316}.Release|x86.ActiveCfg = Release|Any CPU
		{22A3E0ED-39CA-4929-A470-0FF8C057A316}.Release|x86.Build.0 = Release|Any CPU
	EndGlobalSection
	GlobalSection(SolutionProperties) = preSolution
		HideSolutionNode = FALSE
	EndGlobalSection
	GlobalSection(NestedProjects) = preSolution
		{AFF55DAB-FF5C-41DC-9209-0C0B54EE1645} = {D1DF352A-45B6-4130-9A8B-A24C20257B7D}
		{35E58E1C-E298-44D8-9CA5-FB427C16FD1C} = {D1DF352A-45B6-4130-9A8B-A24C20257B7D}
		{36D4B098-A21C-4725-ACD3-400922885F38} = {D1DF352A-45B6-4130-9A8B-A24C20257B7D}
		{8780581F-7C26-4B64-9236-BA1C458DF36E} = {D1DF352A-45B6-4130-9A8B-A24C20257B7D}
		{0C545112-DD6A-4270-B95C-CC488501EF5F} = {D1DF352A-45B6-4130-9A8B-A24C20257B7D}
		{3681A9A8-FC40-4125-B842-7775713C8DCE} = {D1DF352A-45B6-4130-9A8B-A24C20257B7D}
		{F04779C4-5ECB-4C23-B751-2E9EE4B550F5} = {A1A548EF-DBE4-4111-BB93-3C65C77E2FDD}
		{590D7427-81A9-469C-B393-2CCCFFC1B23E} = {A1A548EF-DBE4-4111-BB93-3C65C77E2FDD}
		{3E60FDD5-9E13-4935-B250-24BBA1E57BD5} = {CF118BCB-F594-4EBD-9571-107AD2E1B569}
		{A1A548EF-DBE4-4111-BB93-3C65C77E2FDD} = {CF118BCB-F594-4EBD-9571-107AD2E1B569}
		{DFA0CF1C-2713-47C7-A6E2-E77E284D6A46} = {33DE9F89-1472-4662-8780-22DD0B6E6138}
		{22A3E0ED-39CA-4929-A470-0FF8C057A316} = {33DE9F89-1472-4662-8780-22DD0B6E6138}
	EndGlobalSection
	GlobalSection(ExtensibilityGlobals) = postSolution
		SolutionGuid = {1B1006BD-2201-4F50-8538-98F531B765CF}
	EndGlobalSection
EndGlobal
