
Microsoft Visual Studio Solution File, Format Version 11.00
# Visual Studio 2010
Project("{FAE04EC0-301F-11D3-BF4B-00C04F79EFBC}") = "jQuery.Core", "Libraries\jQuery\jQuery.Core\jQuery.Core.csproj", "{4A9F7CE0-5A45-4B28-AD01-05528709B6E4}"
EndProject
Project("{FAE04EC0-301F-11D3-BF4B-00C04F79EFBC}") = "Web", "Libraries\Web\Web.csproj", "{3681A9A8-FC40-4125-B842-7775713C8DCE}"
EndProject
Project("{FAE04EC0-301F-11D3-BF4B-00C04F79EFBC}") = "Windows", "Libraries\Windows\Windows.csproj", "{A102330A-3018-4968-AF4C-6175DC48EAAB}"
EndProject
Project("{2150E333-8FDC-42A3-9474-1A3956D46DE8}") = "Libraries", "Libraries", "{5D0FD0F6-498E-4126-A297-97B7763DD0AB}"
EndProject
Project("{FAE04EC0-301F-11D3-BF4B-00C04F79EFBC}") = "jQuery.History", "Libraries\jQuery\jQuery.History\jQuery.History.csproj", "{2E5D9DFC-97BD-4652-B09A-B88E6ECDEF43}"
EndProject
Project("{FAE04EC0-301F-11D3-BF4B-00C04F79EFBC}") = "jQuery.Templating", "Libraries\jQuery\jQuery.Templating\jQuery.Templating.csproj", "{BA1CDDAF-7E54-4DC0-A4D3-AEF05B975A4A}"
EndProject
Project("{FAE04EC0-301F-11D3-BF4B-00C04F79EFBC}") = "BingMaps", "Libraries\Microsoft\BingMaps\BingMaps.csproj", "{9600C55B-E14E-45EA-92C6-F453B19F5D7F}"
EndProject
Global
	GlobalSection(SolutionConfigurationPlatforms) = preSolution
		Debug|.NET = Debug|.NET
		Debug|Any CPU = Debug|Any CPU
		Debug|Mixed Platforms = Debug|Mixed Platforms
		Release|.NET = Release|.NET
		Release|Any CPU = Release|Any CPU
		Release|Mixed Platforms = Release|Mixed Platforms
	EndGlobalSection
	GlobalSection(ProjectConfigurationPlatforms) = postSolution
		{4A9F7CE0-5A45-4B28-AD01-05528709B6E4}.Debug|.NET.ActiveCfg = Debug|Any CPU
		{4A9F7CE0-5A45-4B28-AD01-05528709B6E4}.Debug|Any CPU.ActiveCfg = Debug|Any CPU
		{4A9F7CE0-5A45-4B28-AD01-05528709B6E4}.Debug|Any CPU.Build.0 = Debug|Any CPU
		{4A9F7CE0-5A45-4B28-AD01-05528709B6E4}.Debug|Mixed Platforms.ActiveCfg = Debug|Any CPU
		{4A9F7CE0-5A45-4B28-AD01-05528709B6E4}.Debug|Mixed Platforms.Build.0 = Debug|Any CPU
		{4A9F7CE0-5A45-4B28-AD01-05528709B6E4}.Release|.NET.ActiveCfg = Release|Any CPU
		{4A9F7CE0-5A45-4B28-AD01-05528709B6E4}.Release|Any CPU.ActiveCfg = Release|Any CPU
		{4A9F7CE0-5A45-4B28-AD01-05528709B6E4}.Release|Any CPU.Build.0 = Release|Any CPU
		{4A9F7CE0-5A45-4B28-AD01-05528709B6E4}.Release|Mixed Platforms.ActiveCfg = Release|Any CPU
		{4A9F7CE0-5A45-4B28-AD01-05528709B6E4}.Release|Mixed Platforms.Build.0 = Release|Any CPU
		{3681A9A8-FC40-4125-B842-7775713C8DCE}.Debug|.NET.ActiveCfg = Debug|Any CPU
		{3681A9A8-FC40-4125-B842-7775713C8DCE}.Debug|Any CPU.ActiveCfg = Debug|Any CPU
		{3681A9A8-FC40-4125-B842-7775713C8DCE}.Debug|Any CPU.Build.0 = Debug|Any CPU
		{3681A9A8-FC40-4125-B842-7775713C8DCE}.Debug|Mixed Platforms.ActiveCfg = Debug|Any CPU
		{3681A9A8-FC40-4125-B842-7775713C8DCE}.Debug|Mixed Platforms.Build.0 = Debug|Any CPU
		{3681A9A8-FC40-4125-B842-7775713C8DCE}.Release|.NET.ActiveCfg = Release|Any CPU
		{3681A9A8-FC40-4125-B842-7775713C8DCE}.Release|Any CPU.ActiveCfg = Release|Any CPU
		{3681A9A8-FC40-4125-B842-7775713C8DCE}.Release|Any CPU.Build.0 = Release|Any CPU
		{3681A9A8-FC40-4125-B842-7775713C8DCE}.Release|Mixed Platforms.ActiveCfg = Release|Any CPU
		{3681A9A8-FC40-4125-B842-7775713C8DCE}.Release|Mixed Platforms.Build.0 = Release|Any CPU
		{A102330A-3018-4968-AF4C-6175DC48EAAB}.Debug|.NET.ActiveCfg = Debug|Any CPU
		{A102330A-3018-4968-AF4C-6175DC48EAAB}.Debug|Any CPU.ActiveCfg = Debug|Any CPU
		{A102330A-3018-4968-AF4C-6175DC48EAAB}.Debug|Any CPU.Build.0 = Debug|Any CPU
		{A102330A-3018-4968-AF4C-6175DC48EAAB}.Debug|Mixed Platforms.ActiveCfg = Debug|Any CPU
		{A102330A-3018-4968-AF4C-6175DC48EAAB}.Debug|Mixed Platforms.Build.0 = Debug|Any CPU
		{A102330A-3018-4968-AF4C-6175DC48EAAB}.Release|.NET.ActiveCfg = Release|Any CPU
		{A102330A-3018-4968-AF4C-6175DC48EAAB}.Release|Any CPU.ActiveCfg = Release|Any CPU
		{A102330A-3018-4968-AF4C-6175DC48EAAB}.Release|Any CPU.Build.0 = Release|Any CPU
		{A102330A-3018-4968-AF4C-6175DC48EAAB}.Release|Mixed Platforms.ActiveCfg = Release|Any CPU
		{A102330A-3018-4968-AF4C-6175DC48EAAB}.Release|Mixed Platforms.Build.0 = Release|Any CPU
		{2E5D9DFC-97BD-4652-B09A-B88E6ECDEF43}.Debug|.NET.ActiveCfg = Debug|Any CPU
		{2E5D9DFC-97BD-4652-B09A-B88E6ECDEF43}.Debug|Any CPU.ActiveCfg = Debug|Any CPU
		{2E5D9DFC-97BD-4652-B09A-B88E6ECDEF43}.Debug|Any CPU.Build.0 = Debug|Any CPU
		{2E5D9DFC-97BD-4652-B09A-B88E6ECDEF43}.Debug|Mixed Platforms.ActiveCfg = Debug|Any CPU
		{2E5D9DFC-97BD-4652-B09A-B88E6ECDEF43}.Debug|Mixed Platforms.Build.0 = Debug|Any CPU
		{2E5D9DFC-97BD-4652-B09A-B88E6ECDEF43}.Release|.NET.ActiveCfg = Release|Any CPU
		{2E5D9DFC-97BD-4652-B09A-B88E6ECDEF43}.Release|Any CPU.ActiveCfg = Release|Any CPU
		{2E5D9DFC-97BD-4652-B09A-B88E6ECDEF43}.Release|Any CPU.Build.0 = Release|Any CPU
		{2E5D9DFC-97BD-4652-B09A-B88E6ECDEF43}.Release|Mixed Platforms.ActiveCfg = Release|Any CPU
		{2E5D9DFC-97BD-4652-B09A-B88E6ECDEF43}.Release|Mixed Platforms.Build.0 = Release|Any CPU
		{BA1CDDAF-7E54-4DC0-A4D3-AEF05B975A4A}.Debug|.NET.ActiveCfg = Debug|Any CPU
		{BA1CDDAF-7E54-4DC0-A4D3-AEF05B975A4A}.Debug|Any CPU.ActiveCfg = Debug|Any CPU
		{BA1CDDAF-7E54-4DC0-A4D3-AEF05B975A4A}.Debug|Any CPU.Build.0 = Debug|Any CPU
		{BA1CDDAF-7E54-4DC0-A4D3-AEF05B975A4A}.Debug|Mixed Platforms.ActiveCfg = Debug|Any CPU
		{BA1CDDAF-7E54-4DC0-A4D3-AEF05B975A4A}.Debug|Mixed Platforms.Build.0 = Debug|Any CPU
		{BA1CDDAF-7E54-4DC0-A4D3-AEF05B975A4A}.Release|.NET.ActiveCfg = Release|Any CPU
		{BA1CDDAF-7E54-4DC0-A4D3-AEF05B975A4A}.Release|Any CPU.ActiveCfg = Release|Any CPU
		{BA1CDDAF-7E54-4DC0-A4D3-AEF05B975A4A}.Release|Any CPU.Build.0 = Release|Any CPU
		{BA1CDDAF-7E54-4DC0-A4D3-AEF05B975A4A}.Release|Mixed Platforms.ActiveCfg = Release|Any CPU
		{BA1CDDAF-7E54-4DC0-A4D3-AEF05B975A4A}.Release|Mixed Platforms.Build.0 = Release|Any CPU
		{9600C55B-E14E-45EA-92C6-F453B19F5D7F}.Debug|.NET.ActiveCfg = Debug|Any CPU
		{9600C55B-E14E-45EA-92C6-F453B19F5D7F}.Debug|Any CPU.ActiveCfg = Debug|Any CPU
		{9600C55B-E14E-45EA-92C6-F453B19F5D7F}.Debug|Any CPU.Build.0 = Debug|Any CPU
		{9600C55B-E14E-45EA-92C6-F453B19F5D7F}.Debug|Mixed Platforms.ActiveCfg = Debug|Any CPU
		{9600C55B-E14E-45EA-92C6-F453B19F5D7F}.Debug|Mixed Platforms.Build.0 = Debug|Any CPU
		{9600C55B-E14E-45EA-92C6-F453B19F5D7F}.Release|.NET.ActiveCfg = Release|Any CPU
		{9600C55B-E14E-45EA-92C6-F453B19F5D7F}.Release|Any CPU.ActiveCfg = Release|Any CPU
		{9600C55B-E14E-45EA-92C6-F453B19F5D7F}.Release|Any CPU.Build.0 = Release|Any CPU
		{9600C55B-E14E-45EA-92C6-F453B19F5D7F}.Release|Mixed Platforms.ActiveCfg = Release|Any CPU
		{9600C55B-E14E-45EA-92C6-F453B19F5D7F}.Release|Mixed Platforms.Build.0 = Release|Any CPU
	EndGlobalSection
	GlobalSection(SolutionProperties) = preSolution
		HideSolutionNode = FALSE
	EndGlobalSection
	GlobalSection(NestedProjects) = preSolution
		{3681A9A8-FC40-4125-B842-7775713C8DCE} = {5D0FD0F6-498E-4126-A297-97B7763DD0AB}
		{A102330A-3018-4968-AF4C-6175DC48EAAB} = {5D0FD0F6-498E-4126-A297-97B7763DD0AB}
		{4A9F7CE0-5A45-4B28-AD01-05528709B6E4} = {5D0FD0F6-498E-4126-A297-97B7763DD0AB}
		{2E5D9DFC-97BD-4652-B09A-B88E6ECDEF43} = {5D0FD0F6-498E-4126-A297-97B7763DD0AB}
		{BA1CDDAF-7E54-4DC0-A4D3-AEF05B975A4A} = {5D0FD0F6-498E-4126-A297-97B7763DD0AB}
		{9600C55B-E14E-45EA-92C6-F453B19F5D7F} = {5D0FD0F6-498E-4126-A297-97B7763DD0AB}
	EndGlobalSection
EndGlobal
