
Microsoft Visual Studio Solution File, Format Version 12.00
# Visual Studio 2012
Project("{FAE04EC0-301F-11D3-BF4B-00C04F79EFBC}") = "Core", "Core\Core.csproj", "{8C05D1B5-AF50-4CFB-8A8D-5558D4CE3FC4}"
EndProject
Global
	GlobalSection(SolutionConfigurationPlatforms) = preSolution
		Debug|Any CPU = Debug|Any CPU
		Release|Any CPU = Release|Any CPU
	EndGlobalSection
	GlobalSection(ProjectConfigurationPlatforms) = postSolution
		{8C05D1B5-AF50-4CFB-8A8D-5558D4CE3FC4}.Debug|Any CPU.ActiveCfg = Debug|Any CPU
		{8C05D1B5-AF50-4CFB-8A8D-5558D4CE3FC4}.Debug|Any CPU.Build.0 = Debug|Any CPU
		{8C05D1B5-AF50-4CFB-8A8D-5558D4CE3FC4}.Release|Any CPU.ActiveCfg = Release|Any CPU
		{8C05D1B5-AF50-4CFB-8A8D-5558D4CE3FC4}.Release|Any CPU.Build.0 = Release|Any CPU
	EndGlobalSection
	GlobalSection(SolutionProperties) = preSolution
		HideSolutionNode = FALSE
	EndGlobalSection
EndGlobal
